<?xml version="1.0" encoding="UTF-8" standalone="yes" ?>
<CodeBlocks_project_file>
	<FileVersion major="1" minor="6" />
	<Project>
		<Option title="Horde" />
		<Option pch_mode="2" />
		<Option compiler="gcc" />
		<Build>
			<Target title="host">
				<Option output=".host\Horde" prefix_auto="1" extension_auto="1" />
				<Option object_output=".host" />
				<Option type="0" />
				<Option compiler="gcc" />
				<Compiler>
					<Add option="-gstabs" />
					<Add option="-DWIN32" />
					<Add option="-D_DEBUG" />
					<Add option="-D_CONSOLE" />
					<Add directory="$(#gph.include)" />
					<Add directory="$(#gph)\DGE\include" />
					<Add directory="$(#gph)\DGE\include\SDL" />
					<Add directory="..\SDL_ttf-2.0.11\include" />
				</Compiler>
				<Linker>
					<Add option="-lmingw32" />
					<Add option="-lopengl32" />
					<Add option="-lSDLmain" />
					<Add option="-lSDL" />
					<Add option="-lSDL_image.dll" />
					<Add option="-lSDL_mixer" />
					<Add option="-lSDL_ttf" />
					<Add option="-lSDL_gfx" />
					<Add option="-liconv" />
					<Add option="-lbfd" />
					<Add option="-liberty" />
					<Add option="-lpsapi" />
					<Add option="-limagehlp" />
					<Add directory="$(#gph)\DGE\lib\host" />
					<Add directory="$(#gph.lib)\host" />
					<Add directory="..\SDL_ttf-2.0.11\lib\x86" />
				</Linker>
			</Target>
			<Target title="target">
				<Option output=".target\Horde.gpe" prefix_auto="0" extension_auto="0" />
				<Option object_output=".target" />
				<Option type="0" />
				<Option compiler="caanoo_gnu_arm_gcc_compiler" />
				<Compiler>
					<Add option="-O3" />
					<Add option="-fPIC -fno-common -march=armv5te -mtune=arm9tdmi -mapcs" />
					<Add option="-DGP2X" />
					<Add option="-D_DEBUG" />
					<Add directory="$(#gph.include)" />
					<Add directory="$(#gph)\DGE\include" />
					<Add directory="$(#gph)\DGE\include\SDL" />
				</Compiler>
				<Linker>
					<Add option="-g" />
					<Add option="-lDGE" />
					<Add option="-lglport" />
					<Add option="-lopengles_lite" />
					<Add option="-lSDLmain" />
					<Add option="-lSDL" />
					<Add option="-lSDL_image" />
					<Add option="-lSDL_mixer" />
					<Add option="-lSDL_ttf" />
					<Add option="-lpng" />
					<Add option="-lz" />
					<Add option="-lts" />
					<Add option="-lsmpeg" />
					<Add option="-lfreetype" />
					<Add directory="$(#gph)\DGE\lib\target" />
					<Add directory="$(#gph.lib)\target" />
				</Linker>
			</Target>
		</Build>
		<Compiler>
			<Add option="-g" />
			<Add option="-Wall" />
		</Compiler>
		<Unit filename="Horde\guns\gunbase.cpp" />
		<Unit filename="Horde\guns\gunbase.h" />
		<Unit filename="Horde\guns\gunpistol.cpp" />
		<Unit filename="Horde\guns\gunpistol.h" />
		<Unit filename="Horde\player.cpp" />
		<Unit filename="Horde\player.h" />
		<Unit filename="Horde\scenebase.cpp" />
		<Unit filename="Horde\scenebase.h" />
		<Unit filename="SOGI\SOGI.cpp" />
		<Unit filename="SOGI\SOGI.h" />
		<Unit filename="SOGI\SOGITypes.h" />
		<Unit filename="SOGI\stack\stack.cpp" />
		<Unit filename="SOGI\stack\stack.h" />
		<Unit filename="lasagne\lasagne-3dentity.cpp" />
		<Unit filename="lasagne\lasagne-3dentity.h" />
		<Unit filename="lasagne\lasagne-audio.cpp" />
		<Unit filename="lasagne\lasagne-audio.h" />
		<Unit filename="lasagne\lasagne-entity.cpp" />
		<Unit filename="lasagne\lasagne-entity.h" />
		<Unit filename="lasagne\lasagne-music.cpp" />
		<Unit filename="lasagne\lasagne-music.h" />
		<Unit filename="lasagne\lasagne-surface.cpp" />
		<Unit filename="lasagne\lasagne-surface.h" />
		<Unit filename="lasagne\lasagne-text.cpp" />
		<Unit filename="lasagne\lasagne-text.h" />
		<Unit filename="lasagne\lasagne.cpp" />
		<Unit filename="lasagne\lasagne.h" />
		<Unit filename="main.cpp" />
		<Extensions>
			<code_completion />
			<debugger />
		</Extensions>
	</Project>
</CodeBlocks_project_file>
