<?xml version="1.0" encoding="utf-8"?>
<Project ToolsVersion="4.0" xmlns="http://schemas.microsoft.com/developer/msbuild/2003">
  <ItemGroup>
    <Filter Include="Source Files">
      <UniqueIdentifier>{4FC737F1-C7A5-4376-A066-2A32D752A2FF}</UniqueIdentifier>
      <Extensions>cpp;c;cc;cxx;def;odl;idl;hpj;bat;asm;asmx</Extensions>
    </Filter>
    <Filter Include="Header Files">
      <UniqueIdentifier>{93995380-89BD-4b04-88EB-625FBE52EBFB}</UniqueIdentifier>
      <Extensions>h;hpp;hxx;hm;inl;inc;xsd</Extensions>
    </Filter>
    <Filter Include="Resource Files">
      <UniqueIdentifier>{67DA6AB6-F800-4c08-8B7A-83BB121AAD01}</UniqueIdentifier>
      <Extensions>rc;ico;cur;bmp;dlg;rc2;rct;bin;rgs;gif;jpg;jpeg;jpe;resx;tiff;tif;png;wav;mfcribbon-ms</Extensions>
    </Filter>
    <Filter Include="Source Files\SOGI">
      <UniqueIdentifier>{826b35f6-4ec8-490b-90e7-2dad80e0ec20}</UniqueIdentifier>
    </Filter>
    <Filter Include="Source Files\Horde">
      <UniqueIdentifier>{a7961eac-a5ac-4f2d-8b53-58e715206082}</UniqueIdentifier>
    </Filter>
    <Filter Include="Source Files\Horde\guns">
      <UniqueIdentifier>{7718b2bb-5b6c-4a4f-81b2-c0e64255f233}</UniqueIdentifier>
    </Filter>
    <Filter Include="Source Files\Lasagne">
      <UniqueIdentifier>{39389c3b-9fc2-47ff-beb8-bf790abd5ddb}</UniqueIdentifier>
    </Filter>
    <Filter Include="Header Files\Lasagne">
      <UniqueIdentifier>{d574262b-c197-4afc-9079-3fb6b1535b34}</UniqueIdentifier>
    </Filter>
    <Filter Include="Header Files\Horde">
      <UniqueIdentifier>{15c78325-d384-419c-9deb-19097ea656a2}</UniqueIdentifier>
    </Filter>
    <Filter Include="Header Files\Horde\guns">
      <UniqueIdentifier>{c3fa7bf1-e95c-4bb0-a438-9e1fd2407871}</UniqueIdentifier>
    </Filter>
    <Filter Include="Header Files\SOGI">
      <UniqueIdentifier>{9a2ce0e5-5d71-40e4-8287-4bccce5293d8}</UniqueIdentifier>
    </Filter>
    <Filter Include="Header Files\SOGI\stack">
      <UniqueIdentifier>{6da0d0ef-05ba-4f67-8266-8ac7866ff605}</UniqueIdentifier>
    </Filter>
    <Filter Include="Header Files\Horde\enemy">
      <UniqueIdentifier>{85303951-25e9-4bdc-bd11-4411f554ddc2}</UniqueIdentifier>
    </Filter>
    <Filter Include="Source Files\Horde\enemy">
      <UniqueIdentifier>{65242b90-4705-48a5-a34d-4febb4c8d60c}</UniqueIdentifier>
    </Filter>
    <Filter Include="Header Files\Horde\pickups">
      <UniqueIdentifier>{dc545366-d18b-47ed-8ea1-ad909c8425cc}</UniqueIdentifier>
    </Filter>
    <Filter Include="Source Files\Horde\pickups">
      <UniqueIdentifier>{4cf04ff0-8e10-4a85-8a69-c22f685dca68}</UniqueIdentifier>
    </Filter>
  </ItemGroup>
  <ItemGroup>
    <ClCompile Include="..\main.cpp">
      <Filter>Source Files</Filter>
    </ClCompile>
    <ClCompile Include="..\SOGI\stack\stack.cpp">
      <Filter>Source Files\SOGI</Filter>
    </ClCompile>
    <ClCompile Include="..\SOGI\SOGITypes.cpp">
      <Filter>Source Files\SOGI</Filter>
    </ClCompile>
    <ClCompile Include="..\SOGI\SOGI.cpp">
      <Filter>Source Files\SOGI</Filter>
    </ClCompile>
    <ClCompile Include="player.cpp">
      <Filter>Source Files\Horde</Filter>
    </ClCompile>
    <ClCompile Include="scenebase.cpp">
      <Filter>Source Files\Horde</Filter>
    </ClCompile>
    <ClCompile Include="guns\gunbase.cpp">
      <Filter>Source Files\Horde\guns</Filter>
    </ClCompile>
    <ClCompile Include="guns\gunpistol.cpp">
      <Filter>Source Files\Horde\guns</Filter>
    </ClCompile>
    <ClCompile Include="..\lasagne\lasagne.cpp">
      <Filter>Source Files\Lasagne</Filter>
    </ClCompile>
    <ClCompile Include="..\lasagne\lasagne-3dentity.cpp">
      <Filter>Source Files\Lasagne</Filter>
    </ClCompile>
    <ClCompile Include="..\lasagne\lasagne-audio.cpp">
      <Filter>Source Files\Lasagne</Filter>
    </ClCompile>
    <ClCompile Include="..\lasagne\lasagne-entity.cpp">
      <Filter>Source Files\Lasagne</Filter>
    </ClCompile>
    <ClCompile Include="..\lasagne\lasagne-music.cpp">
      <Filter>Source Files\Lasagne</Filter>
    </ClCompile>
    <ClCompile Include="..\lasagne\lasagne-surface.cpp">
      <Filter>Source Files\Lasagne</Filter>
    </ClCompile>
    <ClCompile Include="..\lasagne\lasagne-text.cpp">
      <Filter>Source Files\Lasagne</Filter>
    </ClCompile>
    <ClCompile Include="guns\bulletbase.cpp">
      <Filter>Source Files\Horde\guns</Filter>
    </ClCompile>
    <ClCompile Include="guns\bulletpistol.cpp">
      <Filter>Source Files\Horde\guns</Filter>
    </ClCompile>
    <ClCompile Include="enemy\enemybase.cpp">
      <Filter>Source Files\Horde\enemy</Filter>
    </ClCompile>
    <ClCompile Include="enemy\enemyzombie.cpp">
      <Filter>Source Files\Horde\enemy</Filter>
    </ClCompile>
    <ClCompile Include="pickups\pickupbase.cpp">
      <Filter>Source Files\Horde\pickups</Filter>
    </ClCompile>
    <ClCompile Include="pickups\pickuphealth.cpp">
      <Filter>Source Files\Horde\pickups</Filter>
    </ClCompile>
  </ItemGroup>
  <ItemGroup>
    <ClInclude Include="..\lasagne\lasagne.h">
      <Filter>Header Files\Lasagne</Filter>
    </ClInclude>
    <ClInclude Include="..\lasagne\lasagne-3dentity.h">
      <Filter>Header Files\Lasagne</Filter>
    </ClInclude>
    <ClInclude Include="..\lasagne\lasagne-audio.h">
      <Filter>Header Files\Lasagne</Filter>
    </ClInclude>
    <ClInclude Include="..\lasagne\lasagne-entity.h">
      <Filter>Header Files\Lasagne</Filter>
    </ClInclude>
    <ClInclude Include="..\lasagne\lasagne-music.h">
      <Filter>Header Files\Lasagne</Filter>
    </ClInclude>
    <ClInclude Include="..\lasagne\lasagne-surface.h">
      <Filter>Header Files\Lasagne</Filter>
    </ClInclude>
    <ClInclude Include="..\lasagne\lasagne-text.h">
      <Filter>Header Files\Lasagne</Filter>
    </ClInclude>
    <ClInclude Include="player.h">
      <Filter>Header Files\Horde</Filter>
    </ClInclude>
    <ClInclude Include="scenebase.h">
      <Filter>Header Files\Horde</Filter>
    </ClInclude>
    <ClInclude Include="guns\gunbase.h">
      <Filter>Header Files\Horde\guns</Filter>
    </ClInclude>
    <ClInclude Include="guns\gunpistol.h">
      <Filter>Header Files\Horde\guns</Filter>
    </ClInclude>
    <ClInclude Include="..\SOGI\SOGI.h">
      <Filter>Header Files\SOGI</Filter>
    </ClInclude>
    <ClInclude Include="..\SOGI\SOGITypes.h">
      <Filter>Header Files\SOGI</Filter>
    </ClInclude>
    <ClInclude Include="..\SOGI\stack\stack.h">
      <Filter>Header Files\SOGI\stack</Filter>
    </ClInclude>
    <ClInclude Include="guns\bulletbase.h">
      <Filter>Header Files\Horde\guns</Filter>
    </ClInclude>
    <ClInclude Include="guns\bulletpistol.h">
      <Filter>Header Files\Horde\guns</Filter>
    </ClInclude>
    <ClInclude Include="enemy\enemybase.h">
      <Filter>Header Files\Horde\enemy</Filter>
    </ClInclude>
    <ClInclude Include="enemy\enemyzombie.h">
      <Filter>Header Files\Horde\enemy</Filter>
    </ClInclude>
    <ClInclude Include="pickups\pickupbase.h">
      <Filter>Header Files\Horde\pickups</Filter>
    </ClInclude>
    <ClInclude Include="pickups\pickuphealth.h">
      <Filter>Header Files\Horde\pickups</Filter>
    </ClInclude>
    <ClInclude Include="..\main.h">
      <Filter>Header Files</Filter>
    </ClInclude>
  </ItemGroup>
</Project>